{
    "doctrine/deprecations": {
        "version": "v0.5.3"
    },
    "symfony/deprecation-contracts": {
        "version": "v2.4.0"
    },
    "symfony/mime": {
        "version": "v4.4.31"
    },
    "symfony/polyfill-php80": {
        "version": "v1.23.1"
    },
    "symfony/polyfill-php81": {
        "version": "v1.23.0"
    }
}
